
Microsoft Visual Studio Solution File, Format Version 12.00
Project("{2150E333-8FDC-42A3-9474-1A3956D46DE8}") = "src", "src", "{F771FB66-140A-4091-834B-E8F72D3B064B}"
EndProject
Project("{2150E333-8FDC-42A3-9474-1A3956D46DE8}") = "test", "test", "{AF0DC720-8550-47CE-99D1-F540E620813F}"
EndProject
Project("{FAE04EC0-301F-11D3-BF4B-00C04F79EFBC}") = "GraphQL.Presentation", "src\GraphQL.Presentation\GraphQL.Presentation.csproj", "{AB22CA5B-C21E-49F7-B2C5-F2F7401729D6}"
EndProject
Project("{FAE04EC0-301F-11D3-BF4B-00C04F79EFBC}") = "GraphQL.Presentation.GraphQL", "src\GraphQL.Presentation.GraphQL\GraphQL.Presentation.GraphQL.csproj", "{618900B6-6CDB-4EC4-A565-39CEEA4709E5}"
EndProject
Project("{FAE04EC0-301F-11D3-BF4B-00C04F79EFBC}") = "GraphQL.Presentation.Ioc", "src\GraphQL.Presentation.Ioc\GraphQL.Presentation.Ioc.csproj", "{F0912160-57F3-4C9B-94E1-0D7581C30C1A}"
EndProject
Project("{FAE04EC0-301F-11D3-BF4B-00C04F79EFBC}") = "GraphQL.Data", "src\GraphQL.Data\GraphQL.Data.csproj", "{C5299236-1DA1-4F08-8F46-3B855A5A9C9B}"
EndProject
Project("{FAE04EC0-301F-11D3-BF4B-00C04F79EFBC}") = "GraphQL.Business", "src\GraphQL.Business\GraphQL.Business.csproj", "{21E6609B-A95C-4525-9764-7EDEC5C0962E}"
EndProject
Project("{FAE04EC0-301F-11D3-BF4B-00C04F79EFBC}") = "GraphQL.Business.Commands", "src\GraphQL.Business.Commands\GraphQL.Business.Commands.csproj", "{5BD8C54D-7D10-4AA2-976C-8BC7C6C7CBA6}"
EndProject
Project("{FAE04EC0-301F-11D3-BF4B-00C04F79EFBC}") = "GraphQL.Business.Models", "src\GraphQL.Business.Models\GraphQL.Business.Models.csproj", "{F3765425-6391-44DD-8354-CBA4D6D39B4C}"
EndProject
Project("{FAE04EC0-301F-11D3-BF4B-00C04F79EFBC}") = "GraphQL.Business.Repositories", "src\GraphQL.Business.Repositories\GraphQL.Business.Repositories.csproj", "{E5D49283-FC4E-4F69-964F-C14F5C350F10}"
EndProject
Project("{FAE04EC0-301F-11D3-BF4B-00C04F79EFBC}") = "GraphQL.Data.Entities", "src\GraphQL.Data.Entities\GraphQL.Data.Entities.csproj", "{E9C97163-3DCF-4F92-86E5-C48D8E8B4D6B}"
EndProject
Project("{FAE04EC0-301F-11D3-BF4B-00C04F79EFBC}") = "GraphQL.Data.Repositories", "src\GraphQL.Data.Repositories\GraphQL.Data.Repositories.csproj", "{6DA4F5B6-CE7C-4F40-81FE-2501B3694D08}"
EndProject
Project("{FAE04EC0-301F-11D3-BF4B-00C04F79EFBC}") = "GraphQL.Sources.CodeStyle", "src\GraphQL.Sources.CodeStyle\GraphQL.Sources.CodeStyle.csproj", "{DA1C397A-CD18-4B02-973B-086E966D3EF3}"
EndProject
Project("{FAE04EC0-301F-11D3-BF4B-00C04F79EFBC}") = "GraphQL.Business.UnitTests", "test\GraphQL.Business.UnitTests\GraphQL.Business.UnitTests.csproj", "{CE2935BB-15C2-4E3B-B760-974FA8F99068}"
EndProject
Project("{FAE04EC0-301F-11D3-BF4B-00C04F79EFBC}") = "GraphQL.Tests.CodeStyle", "test\GraphQL.Tests.CodeStyle\GraphQL.Tests.CodeStyle.csproj", "{44A849AA-4BB0-47EF-A467-B05FADF2AE5E}"
EndProject
Project("{FAE04EC0-301F-11D3-BF4B-00C04F79EFBC}") = "GraphQL.Business.Commands.UnitTests", "test\GraphQL.Business.Commands.UnitTests\GraphQL.Business.Commands.UnitTests.csproj", "{EE7A93B9-0E3B-465E-994B-32000552E944}"
EndProject
Project("{FAE04EC0-301F-11D3-BF4B-00C04F79EFBC}") = "GraphQL.Business.Repositories.UnitTests", "test\GraphQL.Business.Repositories.UnitTests\GraphQL.Business.Repositories.UnitTests.csproj", "{E8D88509-B137-483B-BF6B-DFD403A03A2B}"
EndProject
Project("{FAE04EC0-301F-11D3-BF4B-00C04F79EFBC}") = "GraphQL.Data.UnitTests", "test\GraphQL.Data.UnitTests\GraphQL.Data.UnitTests.csproj", "{36B03184-CFC6-4D7C-8CFA-670D4B739377}"
EndProject
Project("{FAE04EC0-301F-11D3-BF4B-00C04F79EFBC}") = "GraphQL.Data.Entities.UnitTests", "test\GraphQL.Data.Entities.UnitTests\GraphQL.Data.Entities.UnitTests.csproj", "{D2AA7ABB-55E0-489A-B10F-55055E82AEED}"
EndProject
Project("{FAE04EC0-301F-11D3-BF4B-00C04F79EFBC}") = "GraphQL.Data.Repositories.UnitTests", "test\GraphQL.Data.Repositories.UnitTests\GraphQL.Data.Repositories.UnitTests.csproj", "{A4FC3FD1-E408-4429-899F-C3DB49595294}"
EndProject
Project("{FAE04EC0-301F-11D3-BF4B-00C04F79EFBC}") = "GraphQL.Presentation.UnitTests", "test\GraphQL.Presentation.UnitTests\GraphQL.Presentation.UnitTests.csproj", "{E01E7F38-13D4-4CDF-8BCB-804E7BCC6E89}"
EndProject
Project("{FAE04EC0-301F-11D3-BF4B-00C04F79EFBC}") = "GraphQL.Presentation.Ioc.UnitTests", "test\GraphQL.Presentation.Ioc.UnitTests\GraphQL.Presentation.Ioc.UnitTests.csproj", "{203D2637-FD41-40F0-BC87-DCA26A7BD4EF}"
EndProject
Project("{FAE04EC0-301F-11D3-BF4B-00C04F79EFBC}") = "GraphQL.Presentation.GraphQL.UnitTests", "test\GraphQL.Presentation.GraphQL.UnitTests\GraphQL.Presentation.GraphQL.UnitTests.csproj", "{989D2ED2-B691-4432-A2AB-25F1CB7D3A40}"
EndProject
Project("{FAE04EC0-301F-11D3-BF4B-00C04F79EFBC}") = "GraphQL.Presentation.Configurations", "src\GraphQL.Presentation.Configurations\GraphQL.Presentation.Configurations.csproj", "{FDABD874-3446-463D-B272-E30B72FCFF65}"
EndProject
Project("{FAE04EC0-301F-11D3-BF4B-00C04F79EFBC}") = "GraphQL.Presentation.Configurations.UnitTests", "test\GraphQL.Presentation.Configurations.UnitTests\GraphQL.Presentation.Configurations.UnitTests.csproj", "{E893B9EC-97E4-42CF-BBE9-25CBCCC9E369}"
EndProject
Global
	GlobalSection(SolutionConfigurationPlatforms) = preSolution
		Debug|Any CPU = Debug|Any CPU
		Release|Any CPU = Release|Any CPU
	EndGlobalSection
	GlobalSection(ProjectConfigurationPlatforms) = postSolution
		{AB22CA5B-C21E-49F7-B2C5-F2F7401729D6}.Debug|Any CPU.ActiveCfg = Debug|Any CPU
		{AB22CA5B-C21E-49F7-B2C5-F2F7401729D6}.Debug|Any CPU.Build.0 = Debug|Any CPU
		{AB22CA5B-C21E-49F7-B2C5-F2F7401729D6}.Release|Any CPU.ActiveCfg = Release|Any CPU
		{AB22CA5B-C21E-49F7-B2C5-F2F7401729D6}.Release|Any CPU.Build.0 = Release|Any CPU
		{618900B6-6CDB-4EC4-A565-39CEEA4709E5}.Debug|Any CPU.ActiveCfg = Debug|Any CPU
		{618900B6-6CDB-4EC4-A565-39CEEA4709E5}.Debug|Any CPU.Build.0 = Debug|Any CPU
		{618900B6-6CDB-4EC4-A565-39CEEA4709E5}.Release|Any CPU.ActiveCfg = Release|Any CPU
		{618900B6-6CDB-4EC4-A565-39CEEA4709E5}.Release|Any CPU.Build.0 = Release|Any CPU
		{F0912160-57F3-4C9B-94E1-0D7581C30C1A}.Debug|Any CPU.ActiveCfg = Debug|Any CPU
		{F0912160-57F3-4C9B-94E1-0D7581C30C1A}.Debug|Any CPU.Build.0 = Debug|Any CPU
		{F0912160-57F3-4C9B-94E1-0D7581C30C1A}.Release|Any CPU.ActiveCfg = Release|Any CPU
		{F0912160-57F3-4C9B-94E1-0D7581C30C1A}.Release|Any CPU.Build.0 = Release|Any CPU
		{C5299236-1DA1-4F08-8F46-3B855A5A9C9B}.Debug|Any CPU.ActiveCfg = Debug|Any CPU
		{C5299236-1DA1-4F08-8F46-3B855A5A9C9B}.Debug|Any CPU.Build.0 = Debug|Any CPU
		{C5299236-1DA1-4F08-8F46-3B855A5A9C9B}.Release|Any CPU.ActiveCfg = Release|Any CPU
		{C5299236-1DA1-4F08-8F46-3B855A5A9C9B}.Release|Any CPU.Build.0 = Release|Any CPU
		{21E6609B-A95C-4525-9764-7EDEC5C0962E}.Debug|Any CPU.ActiveCfg = Debug|Any CPU
		{21E6609B-A95C-4525-9764-7EDEC5C0962E}.Debug|Any CPU.Build.0 = Debug|Any CPU
		{21E6609B-A95C-4525-9764-7EDEC5C0962E}.Release|Any CPU.ActiveCfg = Release|Any CPU
		{21E6609B-A95C-4525-9764-7EDEC5C0962E}.Release|Any CPU.Build.0 = Release|Any CPU
		{5BD8C54D-7D10-4AA2-976C-8BC7C6C7CBA6}.Debug|Any CPU.ActiveCfg = Debug|Any CPU
		{5BD8C54D-7D10-4AA2-976C-8BC7C6C7CBA6}.Debug|Any CPU.Build.0 = Debug|Any CPU
		{5BD8C54D-7D10-4AA2-976C-8BC7C6C7CBA6}.Release|Any CPU.ActiveCfg = Release|Any CPU
		{5BD8C54D-7D10-4AA2-976C-8BC7C6C7CBA6}.Release|Any CPU.Build.0 = Release|Any CPU
		{F3765425-6391-44DD-8354-CBA4D6D39B4C}.Debug|Any CPU.ActiveCfg = Debug|Any CPU
		{F3765425-6391-44DD-8354-CBA4D6D39B4C}.Debug|Any CPU.Build.0 = Debug|Any CPU
		{F3765425-6391-44DD-8354-CBA4D6D39B4C}.Release|Any CPU.ActiveCfg = Release|Any CPU
		{F3765425-6391-44DD-8354-CBA4D6D39B4C}.Release|Any CPU.Build.0 = Release|Any CPU
		{E5D49283-FC4E-4F69-964F-C14F5C350F10}.Debug|Any CPU.ActiveCfg = Debug|Any CPU
		{E5D49283-FC4E-4F69-964F-C14F5C350F10}.Debug|Any CPU.Build.0 = Debug|Any CPU
		{E5D49283-FC4E-4F69-964F-C14F5C350F10}.Release|Any CPU.ActiveCfg = Release|Any CPU
		{E5D49283-FC4E-4F69-964F-C14F5C350F10}.Release|Any CPU.Build.0 = Release|Any CPU
		{E9C97163-3DCF-4F92-86E5-C48D8E8B4D6B}.Debug|Any CPU.ActiveCfg = Debug|Any CPU
		{E9C97163-3DCF-4F92-86E5-C48D8E8B4D6B}.Debug|Any CPU.Build.0 = Debug|Any CPU
		{E9C97163-3DCF-4F92-86E5-C48D8E8B4D6B}.Release|Any CPU.ActiveCfg = Release|Any CPU
		{E9C97163-3DCF-4F92-86E5-C48D8E8B4D6B}.Release|Any CPU.Build.0 = Release|Any CPU
		{6DA4F5B6-CE7C-4F40-81FE-2501B3694D08}.Debug|Any CPU.ActiveCfg = Debug|Any CPU
		{6DA4F5B6-CE7C-4F40-81FE-2501B3694D08}.Debug|Any CPU.Build.0 = Debug|Any CPU
		{6DA4F5B6-CE7C-4F40-81FE-2501B3694D08}.Release|Any CPU.ActiveCfg = Release|Any CPU
		{6DA4F5B6-CE7C-4F40-81FE-2501B3694D08}.Release|Any CPU.Build.0 = Release|Any CPU
		{DA1C397A-CD18-4B02-973B-086E966D3EF3}.Debug|Any CPU.ActiveCfg = Debug|Any CPU
		{DA1C397A-CD18-4B02-973B-086E966D3EF3}.Debug|Any CPU.Build.0 = Debug|Any CPU
		{DA1C397A-CD18-4B02-973B-086E966D3EF3}.Release|Any CPU.ActiveCfg = Release|Any CPU
		{DA1C397A-CD18-4B02-973B-086E966D3EF3}.Release|Any CPU.Build.0 = Release|Any CPU
		{CE2935BB-15C2-4E3B-B760-974FA8F99068}.Debug|Any CPU.ActiveCfg = Debug|Any CPU
		{CE2935BB-15C2-4E3B-B760-974FA8F99068}.Debug|Any CPU.Build.0 = Debug|Any CPU
		{CE2935BB-15C2-4E3B-B760-974FA8F99068}.Release|Any CPU.ActiveCfg = Release|Any CPU
		{CE2935BB-15C2-4E3B-B760-974FA8F99068}.Release|Any CPU.Build.0 = Release|Any CPU
		{44A849AA-4BB0-47EF-A467-B05FADF2AE5E}.Debug|Any CPU.ActiveCfg = Debug|Any CPU
		{44A849AA-4BB0-47EF-A467-B05FADF2AE5E}.Debug|Any CPU.Build.0 = Debug|Any CPU
		{44A849AA-4BB0-47EF-A467-B05FADF2AE5E}.Release|Any CPU.ActiveCfg = Release|Any CPU
		{44A849AA-4BB0-47EF-A467-B05FADF2AE5E}.Release|Any CPU.Build.0 = Release|Any CPU
		{EE7A93B9-0E3B-465E-994B-32000552E944}.Debug|Any CPU.ActiveCfg = Debug|Any CPU
		{EE7A93B9-0E3B-465E-994B-32000552E944}.Debug|Any CPU.Build.0 = Debug|Any CPU
		{EE7A93B9-0E3B-465E-994B-32000552E944}.Release|Any CPU.ActiveCfg = Release|Any CPU
		{EE7A93B9-0E3B-465E-994B-32000552E944}.Release|Any CPU.Build.0 = Release|Any CPU
		{E8D88509-B137-483B-BF6B-DFD403A03A2B}.Debug|Any CPU.ActiveCfg = Debug|Any CPU
		{E8D88509-B137-483B-BF6B-DFD403A03A2B}.Debug|Any CPU.Build.0 = Debug|Any CPU
		{E8D88509-B137-483B-BF6B-DFD403A03A2B}.Release|Any CPU.ActiveCfg = Release|Any CPU
		{E8D88509-B137-483B-BF6B-DFD403A03A2B}.Release|Any CPU.Build.0 = Release|Any CPU
		{36B03184-CFC6-4D7C-8CFA-670D4B739377}.Debug|Any CPU.ActiveCfg = Debug|Any CPU
		{36B03184-CFC6-4D7C-8CFA-670D4B739377}.Debug|Any CPU.Build.0 = Debug|Any CPU
		{36B03184-CFC6-4D7C-8CFA-670D4B739377}.Release|Any CPU.ActiveCfg = Release|Any CPU
		{36B03184-CFC6-4D7C-8CFA-670D4B739377}.Release|Any CPU.Build.0 = Release|Any CPU
		{D2AA7ABB-55E0-489A-B10F-55055E82AEED}.Debug|Any CPU.ActiveCfg = Debug|Any CPU
		{D2AA7ABB-55E0-489A-B10F-55055E82AEED}.Debug|Any CPU.Build.0 = Debug|Any CPU
		{D2AA7ABB-55E0-489A-B10F-55055E82AEED}.Release|Any CPU.ActiveCfg = Release|Any CPU
		{D2AA7ABB-55E0-489A-B10F-55055E82AEED}.Release|Any CPU.Build.0 = Release|Any CPU
		{A4FC3FD1-E408-4429-899F-C3DB49595294}.Debug|Any CPU.ActiveCfg = Debug|Any CPU
		{A4FC3FD1-E408-4429-899F-C3DB49595294}.Debug|Any CPU.Build.0 = Debug|Any CPU
		{A4FC3FD1-E408-4429-899F-C3DB49595294}.Release|Any CPU.ActiveCfg = Release|Any CPU
		{A4FC3FD1-E408-4429-899F-C3DB49595294}.Release|Any CPU.Build.0 = Release|Any CPU
		{E01E7F38-13D4-4CDF-8BCB-804E7BCC6E89}.Debug|Any CPU.ActiveCfg = Debug|Any CPU
		{E01E7F38-13D4-4CDF-8BCB-804E7BCC6E89}.Debug|Any CPU.Build.0 = Debug|Any CPU
		{E01E7F38-13D4-4CDF-8BCB-804E7BCC6E89}.Release|Any CPU.ActiveCfg = Release|Any CPU
		{E01E7F38-13D4-4CDF-8BCB-804E7BCC6E89}.Release|Any CPU.Build.0 = Release|Any CPU
		{203D2637-FD41-40F0-BC87-DCA26A7BD4EF}.Debug|Any CPU.ActiveCfg = Debug|Any CPU
		{203D2637-FD41-40F0-BC87-DCA26A7BD4EF}.Debug|Any CPU.Build.0 = Debug|Any CPU
		{203D2637-FD41-40F0-BC87-DCA26A7BD4EF}.Release|Any CPU.ActiveCfg = Release|Any CPU
		{203D2637-FD41-40F0-BC87-DCA26A7BD4EF}.Release|Any CPU.Build.0 = Release|Any CPU
		{989D2ED2-B691-4432-A2AB-25F1CB7D3A40}.Debug|Any CPU.ActiveCfg = Debug|Any CPU
		{989D2ED2-B691-4432-A2AB-25F1CB7D3A40}.Debug|Any CPU.Build.0 = Debug|Any CPU
		{989D2ED2-B691-4432-A2AB-25F1CB7D3A40}.Release|Any CPU.ActiveCfg = Release|Any CPU
		{989D2ED2-B691-4432-A2AB-25F1CB7D3A40}.Release|Any CPU.Build.0 = Release|Any CPU
		{FDABD874-3446-463D-B272-E30B72FCFF65}.Debug|Any CPU.ActiveCfg = Debug|Any CPU
		{FDABD874-3446-463D-B272-E30B72FCFF65}.Debug|Any CPU.Build.0 = Debug|Any CPU
		{FDABD874-3446-463D-B272-E30B72FCFF65}.Release|Any CPU.ActiveCfg = Release|Any CPU
		{FDABD874-3446-463D-B272-E30B72FCFF65}.Release|Any CPU.Build.0 = Release|Any CPU
		{E893B9EC-97E4-42CF-BBE9-25CBCCC9E369}.Debug|Any CPU.ActiveCfg = Debug|Any CPU
		{E893B9EC-97E4-42CF-BBE9-25CBCCC9E369}.Debug|Any CPU.Build.0 = Debug|Any CPU
		{E893B9EC-97E4-42CF-BBE9-25CBCCC9E369}.Release|Any CPU.ActiveCfg = Release|Any CPU
		{E893B9EC-97E4-42CF-BBE9-25CBCCC9E369}.Release|Any CPU.Build.0 = Release|Any CPU
	EndGlobalSection
	GlobalSection(NestedProjects) = preSolution
		{AB22CA5B-C21E-49F7-B2C5-F2F7401729D6} = {F771FB66-140A-4091-834B-E8F72D3B064B}
		{618900B6-6CDB-4EC4-A565-39CEEA4709E5} = {F771FB66-140A-4091-834B-E8F72D3B064B}
		{F0912160-57F3-4C9B-94E1-0D7581C30C1A} = {F771FB66-140A-4091-834B-E8F72D3B064B}
		{C5299236-1DA1-4F08-8F46-3B855A5A9C9B} = {F771FB66-140A-4091-834B-E8F72D3B064B}
		{21E6609B-A95C-4525-9764-7EDEC5C0962E} = {F771FB66-140A-4091-834B-E8F72D3B064B}
		{5BD8C54D-7D10-4AA2-976C-8BC7C6C7CBA6} = {F771FB66-140A-4091-834B-E8F72D3B064B}
		{F3765425-6391-44DD-8354-CBA4D6D39B4C} = {F771FB66-140A-4091-834B-E8F72D3B064B}
		{E5D49283-FC4E-4F69-964F-C14F5C350F10} = {F771FB66-140A-4091-834B-E8F72D3B064B}
		{E9C97163-3DCF-4F92-86E5-C48D8E8B4D6B} = {F771FB66-140A-4091-834B-E8F72D3B064B}
		{6DA4F5B6-CE7C-4F40-81FE-2501B3694D08} = {F771FB66-140A-4091-834B-E8F72D3B064B}
		{DA1C397A-CD18-4B02-973B-086E966D3EF3} = {F771FB66-140A-4091-834B-E8F72D3B064B}
		{CE2935BB-15C2-4E3B-B760-974FA8F99068} = {AF0DC720-8550-47CE-99D1-F540E620813F}
		{44A849AA-4BB0-47EF-A467-B05FADF2AE5E} = {AF0DC720-8550-47CE-99D1-F540E620813F}
		{EE7A93B9-0E3B-465E-994B-32000552E944} = {AF0DC720-8550-47CE-99D1-F540E620813F}
		{E8D88509-B137-483B-BF6B-DFD403A03A2B} = {AF0DC720-8550-47CE-99D1-F540E620813F}
		{36B03184-CFC6-4D7C-8CFA-670D4B739377} = {AF0DC720-8550-47CE-99D1-F540E620813F}
		{D2AA7ABB-55E0-489A-B10F-55055E82AEED} = {AF0DC720-8550-47CE-99D1-F540E620813F}
		{A4FC3FD1-E408-4429-899F-C3DB49595294} = {AF0DC720-8550-47CE-99D1-F540E620813F}
		{E01E7F38-13D4-4CDF-8BCB-804E7BCC6E89} = {AF0DC720-8550-47CE-99D1-F540E620813F}
		{203D2637-FD41-40F0-BC87-DCA26A7BD4EF} = {AF0DC720-8550-47CE-99D1-F540E620813F}
		{989D2ED2-B691-4432-A2AB-25F1CB7D3A40} = {AF0DC720-8550-47CE-99D1-F540E620813F}
		{FDABD874-3446-463D-B272-E30B72FCFF65} = {F771FB66-140A-4091-834B-E8F72D3B064B}
		{E893B9EC-97E4-42CF-BBE9-25CBCCC9E369} = {AF0DC720-8550-47CE-99D1-F540E620813F}
	EndGlobalSection
EndGlobal

