
Microsoft Visual Studio Solution File, Format Version 12.00
Project("{2150E333-8FDC-42A3-9474-1A3956D46DE8}") = "src", "src", "{F771FB66-140A-4091-834B-E8F72D3B064B}"
EndProject
Project("{2150E333-8FDC-42A3-9474-1A3956D46DE8}") = "test", "test", "{AF0DC720-8550-47CE-99D1-F540E620813F}"
EndProject
Project("{FAE04EC0-301F-11D3-BF4B-00C04F79EFBC}") = "GraphQL.Presentation", "src\GraphQL.Presentation\GraphQL.Presentation.csproj", "{AB22CA5B-C21E-49F7-B2C5-F2F7401729D6}"
EndProject
Project("{FAE04EC0-301F-11D3-BF4B-00C04F79EFBC}") = "GraphQL.Presentation.GraphQL", "src\GraphQL.Presentation.GraphQL\GraphQL.Presentation.GraphQL.csproj", "{618900B6-6CDB-4EC4-A565-39CEEA4709E5}"
EndProject
Project("{FAE04EC0-301F-11D3-BF4B-00C04F79EFBC}") = "GraphQL.Presentation.Ioc", "src\GraphQL.Presentation.Ioc\GraphQL.Presentation.Ioc.csproj", "{F0912160-57F3-4C9B-94E1-0D7581C30C1A}"
EndProject
Project("{FAE04EC0-301F-11D3-BF4B-00C04F79EFBC}") = "GraphQL.Data", "src\GraphQL.Data\GraphQL.Data.csproj", "{C5299236-1DA1-4F08-8F46-3B855A5A9C9B}"
EndProject
Project("{FAE04EC0-301F-11D3-BF4B-00C04F79EFBC}") = "GraphQL.Business", "src\GraphQL.Business\GraphQL.Business.csproj", "{21E6609B-A95C-4525-9764-7EDEC5C0962E}"
EndProject
Project("{FAE04EC0-301F-11D3-BF4B-00C04F79EFBC}") = "GraphQL.Business.Commands", "src\GraphQL.Business.Commands\GraphQL.Business.Commands.csproj", "{5BD8C54D-7D10-4AA2-976C-8BC7C6C7CBA6}"
EndProject
Project("{FAE04EC0-301F-11D3-BF4B-00C04F79EFBC}") = "GraphQL.Business.Models", "src\GraphQL.Business.Models\GraphQL.Business.Models.csproj", "{F3765425-6391-44DD-8354-CBA4D6D39B4C}"
EndProject
Project("{FAE04EC0-301F-11D3-BF4B-00C04F79EFBC}") = "GraphQL.Business.Repositories", "src\GraphQL.Business.Repositories\GraphQL.Business.Repositories.csproj", "{E5D49283-FC4E-4F69-964F-C14F5C350F10}"
EndProject
Project("{FAE04EC0-301F-11D3-BF4B-00C04F79EFBC}") = "GraphQL.Data.Entities", "src\GraphQL.Data.Entities\GraphQL.Data.Entities.csproj", "{E9C97163-3DCF-4F92-86E5-C48D8E8B4D6B}"
EndProject
Project("{FAE04EC0-301F-11D3-BF4B-00C04F79EFBC}") = "GraphQL.Data.Repositories", "src\GraphQL.Data.Repositories\GraphQL.Data.Repositories.csproj", "{6DA4F5B6-CE7C-4F40-81FE-2501B3694D08}"
EndProject
Global
	GlobalSection(SolutionConfigurationPlatforms) = preSolution
		Debug|Any CPU = Debug|Any CPU
		Release|Any CPU = Release|Any CPU
	EndGlobalSection
	GlobalSection(ProjectConfigurationPlatforms) = postSolution
		{AB22CA5B-C21E-49F7-B2C5-F2F7401729D6}.Debug|Any CPU.ActiveCfg = Debug|Any CPU
		{AB22CA5B-C21E-49F7-B2C5-F2F7401729D6}.Debug|Any CPU.Build.0 = Debug|Any CPU
		{AB22CA5B-C21E-49F7-B2C5-F2F7401729D6}.Release|Any CPU.ActiveCfg = Release|Any CPU
		{AB22CA5B-C21E-49F7-B2C5-F2F7401729D6}.Release|Any CPU.Build.0 = Release|Any CPU
		{618900B6-6CDB-4EC4-A565-39CEEA4709E5}.Debug|Any CPU.ActiveCfg = Debug|Any CPU
		{618900B6-6CDB-4EC4-A565-39CEEA4709E5}.Debug|Any CPU.Build.0 = Debug|Any CPU
		{618900B6-6CDB-4EC4-A565-39CEEA4709E5}.Release|Any CPU.ActiveCfg = Release|Any CPU
		{618900B6-6CDB-4EC4-A565-39CEEA4709E5}.Release|Any CPU.Build.0 = Release|Any CPU
		{F0912160-57F3-4C9B-94E1-0D7581C30C1A}.Debug|Any CPU.ActiveCfg = Debug|Any CPU
		{F0912160-57F3-4C9B-94E1-0D7581C30C1A}.Debug|Any CPU.Build.0 = Debug|Any CPU
		{F0912160-57F3-4C9B-94E1-0D7581C30C1A}.Release|Any CPU.ActiveCfg = Release|Any CPU
		{F0912160-57F3-4C9B-94E1-0D7581C30C1A}.Release|Any CPU.Build.0 = Release|Any CPU
		{C5299236-1DA1-4F08-8F46-3B855A5A9C9B}.Debug|Any CPU.ActiveCfg = Debug|Any CPU
		{C5299236-1DA1-4F08-8F46-3B855A5A9C9B}.Debug|Any CPU.Build.0 = Debug|Any CPU
		{C5299236-1DA1-4F08-8F46-3B855A5A9C9B}.Release|Any CPU.ActiveCfg = Release|Any CPU
		{C5299236-1DA1-4F08-8F46-3B855A5A9C9B}.Release|Any CPU.Build.0 = Release|Any CPU
		{21E6609B-A95C-4525-9764-7EDEC5C0962E}.Debug|Any CPU.ActiveCfg = Debug|Any CPU
		{21E6609B-A95C-4525-9764-7EDEC5C0962E}.Debug|Any CPU.Build.0 = Debug|Any CPU
		{21E6609B-A95C-4525-9764-7EDEC5C0962E}.Release|Any CPU.ActiveCfg = Release|Any CPU
		{21E6609B-A95C-4525-9764-7EDEC5C0962E}.Release|Any CPU.Build.0 = Release|Any CPU
		{5BD8C54D-7D10-4AA2-976C-8BC7C6C7CBA6}.Debug|Any CPU.ActiveCfg = Debug|Any CPU
		{5BD8C54D-7D10-4AA2-976C-8BC7C6C7CBA6}.Debug|Any CPU.Build.0 = Debug|Any CPU
		{5BD8C54D-7D10-4AA2-976C-8BC7C6C7CBA6}.Release|Any CPU.ActiveCfg = Release|Any CPU
		{5BD8C54D-7D10-4AA2-976C-8BC7C6C7CBA6}.Release|Any CPU.Build.0 = Release|Any CPU
		{F3765425-6391-44DD-8354-CBA4D6D39B4C}.Debug|Any CPU.ActiveCfg = Debug|Any CPU
		{F3765425-6391-44DD-8354-CBA4D6D39B4C}.Debug|Any CPU.Build.0 = Debug|Any CPU
		{F3765425-6391-44DD-8354-CBA4D6D39B4C}.Release|Any CPU.ActiveCfg = Release|Any CPU
		{F3765425-6391-44DD-8354-CBA4D6D39B4C}.Release|Any CPU.Build.0 = Release|Any CPU
		{E5D49283-FC4E-4F69-964F-C14F5C350F10}.Debug|Any CPU.ActiveCfg = Debug|Any CPU
		{E5D49283-FC4E-4F69-964F-C14F5C350F10}.Debug|Any CPU.Build.0 = Debug|Any CPU
		{E5D49283-FC4E-4F69-964F-C14F5C350F10}.Release|Any CPU.ActiveCfg = Release|Any CPU
		{E5D49283-FC4E-4F69-964F-C14F5C350F10}.Release|Any CPU.Build.0 = Release|Any CPU
		{E9C97163-3DCF-4F92-86E5-C48D8E8B4D6B}.Debug|Any CPU.ActiveCfg = Debug|Any CPU
		{E9C97163-3DCF-4F92-86E5-C48D8E8B4D6B}.Debug|Any CPU.Build.0 = Debug|Any CPU
		{E9C97163-3DCF-4F92-86E5-C48D8E8B4D6B}.Release|Any CPU.ActiveCfg = Release|Any CPU
		{E9C97163-3DCF-4F92-86E5-C48D8E8B4D6B}.Release|Any CPU.Build.0 = Release|Any CPU
		{6DA4F5B6-CE7C-4F40-81FE-2501B3694D08}.Debug|Any CPU.ActiveCfg = Debug|Any CPU
		{6DA4F5B6-CE7C-4F40-81FE-2501B3694D08}.Debug|Any CPU.Build.0 = Debug|Any CPU
		{6DA4F5B6-CE7C-4F40-81FE-2501B3694D08}.Release|Any CPU.ActiveCfg = Release|Any CPU
		{6DA4F5B6-CE7C-4F40-81FE-2501B3694D08}.Release|Any CPU.Build.0 = Release|Any CPU
	EndGlobalSection
	GlobalSection(NestedProjects) = preSolution
		{AB22CA5B-C21E-49F7-B2C5-F2F7401729D6} = {F771FB66-140A-4091-834B-E8F72D3B064B}
		{618900B6-6CDB-4EC4-A565-39CEEA4709E5} = {F771FB66-140A-4091-834B-E8F72D3B064B}
		{F0912160-57F3-4C9B-94E1-0D7581C30C1A} = {F771FB66-140A-4091-834B-E8F72D3B064B}
		{C5299236-1DA1-4F08-8F46-3B855A5A9C9B} = {F771FB66-140A-4091-834B-E8F72D3B064B}
		{21E6609B-A95C-4525-9764-7EDEC5C0962E} = {F771FB66-140A-4091-834B-E8F72D3B064B}
		{5BD8C54D-7D10-4AA2-976C-8BC7C6C7CBA6} = {F771FB66-140A-4091-834B-E8F72D3B064B}
		{F3765425-6391-44DD-8354-CBA4D6D39B4C} = {F771FB66-140A-4091-834B-E8F72D3B064B}
		{E5D49283-FC4E-4F69-964F-C14F5C350F10} = {F771FB66-140A-4091-834B-E8F72D3B064B}
		{E9C97163-3DCF-4F92-86E5-C48D8E8B4D6B} = {F771FB66-140A-4091-834B-E8F72D3B064B}
		{6DA4F5B6-CE7C-4F40-81FE-2501B3694D08} = {F771FB66-140A-4091-834B-E8F72D3B064B}
	EndGlobalSection
EndGlobal
